
Microsoft Visual Studio Solution File, Format Version 12.00
# Visual Studio Version 16
VisualStudioVersion = 16.0.29728.190
MinimumVisualStudioVersion = 10.0.40219.1
Project("{FAE04EC0-301F-11D3-BF4B-00C04F79EFBC}") = "Shop", "Shop.csproj", "{12DD5E1C-7C2E-4491-A016-206AA68F35AA}"
EndProject
Global
	GlobalSection(SolutionConfigurationPlatforms) = preSolution
		Debug|Any CPU = Debug|Any CPU
		Release|Any CPU = Release|Any CPU
	EndGlobalSection
	GlobalSection(ProjectConfigurationPlatforms) = postSolution
		{12DD5E1C-7C2E-4491-A016-206AA68F35AA}.Debug|Any CPU.ActiveCfg = Debug|Any CPU
		{12DD5E1C-7C2E-4491-A016-206AA68F35AA}.Debug|Any CPU.Build.0 = Debug|Any CPU
		{12DD5E1C-7C2E-4491-A016-206AA68F35AA}.Release|Any CPU.ActiveCfg = Release|Any CPU
		{12DD5E1C-7C2E-4491-A016-206AA68F35AA}.Release|Any CPU.Build.0 = Release|Any CPU
	EndGlobalSection
	GlobalSection(SolutionProperties) = preSolution
		HideSolutionNode = FALSE
	EndGlobalSection
	GlobalSection(ExtensibilityGlobals) = postSolution
		SolutionGuid = {997E4011-C778-4818-A2DB-EC530845DEFC}
	EndGlobalSection
EndGlobal
