
Microsoft Visual Studio Solution File, Format Version 12.00
# Visual Studio Version 16
VisualStudioVersion = 16.0.29728.190
MinimumVisualStudioVersion = 10.0.40219.1
Project("{FAE04EC0-301F-11D3-BF4B-00C04F79EFBC}") = "Shop.API", "Shop.API.csproj", "{12DD5E1C-7C2E-4491-A016-206AA68F35AA}"
EndProject
Project("{2150E333-8FDC-42A3-9474-1A3956D46DE8}") = "Solution Items", "Solution Items", "{8DB4A8AD-DD9E-42C8-ABAF-01F9DD4646F6}"
	ProjectSection(SolutionItems) = preProject
		..\..\crm-api\CRM.API\.editorconfig = ..\..\crm-api\CRM.API\.editorconfig
	EndProjectSection
EndProject
Project("{FAE04EC0-301F-11D3-BF4B-00C04F79EFBC}") = "Shop.Data", "..\Shop.Data\Shop.Data.csproj", "{883AF255-3F5B-49B5-A335-2924147F3A08}"
EndProject
Project("{FAE04EC0-301F-11D3-BF4B-00C04F79EFBC}") = "Shop.Core", "..\Shop.Core\Shop.Core.csproj", "{967FB42A-5B12-40A7-86BB-194E45FE00CB}"
EndProject
Global
	GlobalSection(SolutionConfigurationPlatforms) = preSolution
		Debug|Any CPU = Debug|Any CPU
		Release|Any CPU = Release|Any CPU
	EndGlobalSection
	GlobalSection(ProjectConfigurationPlatforms) = postSolution
		{12DD5E1C-7C2E-4491-A016-206AA68F35AA}.Debug|Any CPU.ActiveCfg = Debug|Any CPU
		{12DD5E1C-7C2E-4491-A016-206AA68F35AA}.Debug|Any CPU.Build.0 = Debug|Any CPU
		{12DD5E1C-7C2E-4491-A016-206AA68F35AA}.Release|Any CPU.ActiveCfg = Release|Any CPU
		{12DD5E1C-7C2E-4491-A016-206AA68F35AA}.Release|Any CPU.Build.0 = Release|Any CPU
		{883AF255-3F5B-49B5-A335-2924147F3A08}.Debug|Any CPU.ActiveCfg = Debug|Any CPU
		{883AF255-3F5B-49B5-A335-2924147F3A08}.Debug|Any CPU.Build.0 = Debug|Any CPU
		{883AF255-3F5B-49B5-A335-2924147F3A08}.Release|Any CPU.ActiveCfg = Release|Any CPU
		{883AF255-3F5B-49B5-A335-2924147F3A08}.Release|Any CPU.Build.0 = Release|Any CPU
		{967FB42A-5B12-40A7-86BB-194E45FE00CB}.Debug|Any CPU.ActiveCfg = Debug|Any CPU
		{967FB42A-5B12-40A7-86BB-194E45FE00CB}.Debug|Any CPU.Build.0 = Debug|Any CPU
		{967FB42A-5B12-40A7-86BB-194E45FE00CB}.Release|Any CPU.ActiveCfg = Release|Any CPU
		{967FB42A-5B12-40A7-86BB-194E45FE00CB}.Release|Any CPU.Build.0 = Release|Any CPU
	EndGlobalSection
	GlobalSection(SolutionProperties) = preSolution
		HideSolutionNode = FALSE
	EndGlobalSection
	GlobalSection(ExtensibilityGlobals) = postSolution
		SolutionGuid = {997E4011-C778-4818-A2DB-EC530845DEFC}
	EndGlobalSection
EndGlobal
